
Microsoft Visual Studio Solution File, Format Version 12.00
# Visual Studio Version 16
VisualStudioVersion = 16.0.31129.286
MinimumVisualStudioVersion = 10.0.40219.1
Project("{FAE04EC0-301F-11D3-BF4B-00C04F79EFBC}") = "EmployeeMG.Core", "EmployeeMG.Core\EmployeeMG.Core.csproj", "{F391C7B4-19C0-4A5A-8FAF-0466E75E0D4F}"
EndProject
Project("{FAE04EC0-301F-11D3-BF4B-00C04F79EFBC}") = "EmployeeMG.Data", "EmployeeMG.Data\EmployeeMG.Data.csproj", "{B0E00BE5-54CE-47FC-BD5F-594C30195DB3}"
EndProject
Project("{FAE04EC0-301F-11D3-BF4B-00C04F79EFBC}") = "EmployeeMG.WebApp", "EmployeeMG.WebApp\EmployeeMG.WebApp.csproj", "{ADF9071F-4823-4DFD-A18D-998555C9A850}"
EndProject
Global
	GlobalSection(SolutionConfigurationPlatforms) = preSolution
		Debug|Any CPU = Debug|Any CPU
		Release|Any CPU = Release|Any CPU
	EndGlobalSection
	GlobalSection(ProjectConfigurationPlatforms) = postSolution
		{F391C7B4-19C0-4A5A-8FAF-0466E75E0D4F}.Debug|Any CPU.ActiveCfg = Debug|Any CPU
		{F391C7B4-19C0-4A5A-8FAF-0466E75E0D4F}.Debug|Any CPU.Build.0 = Debug|Any CPU
		{F391C7B4-19C0-4A5A-8FAF-0466E75E0D4F}.Release|Any CPU.ActiveCfg = Release|Any CPU
		{F391C7B4-19C0-4A5A-8FAF-0466E75E0D4F}.Release|Any CPU.Build.0 = Release|Any CPU
		{B0E00BE5-54CE-47FC-BD5F-594C30195DB3}.Debug|Any CPU.ActiveCfg = Debug|Any CPU
		{B0E00BE5-54CE-47FC-BD5F-594C30195DB3}.Debug|Any CPU.Build.0 = Debug|Any CPU
		{B0E00BE5-54CE-47FC-BD5F-594C30195DB3}.Release|Any CPU.ActiveCfg = Release|Any CPU
		{B0E00BE5-54CE-47FC-BD5F-594C30195DB3}.Release|Any CPU.Build.0 = Release|Any CPU
		{ADF9071F-4823-4DFD-A18D-998555C9A850}.Debug|Any CPU.ActiveCfg = Debug|Any CPU
		{ADF9071F-4823-4DFD-A18D-998555C9A850}.Debug|Any CPU.Build.0 = Debug|Any CPU
		{ADF9071F-4823-4DFD-A18D-998555C9A850}.Release|Any CPU.ActiveCfg = Release|Any CPU
		{ADF9071F-4823-4DFD-A18D-998555C9A850}.Release|Any CPU.Build.0 = Release|Any CPU
	EndGlobalSection
	GlobalSection(SolutionProperties) = preSolution
		HideSolutionNode = FALSE
	EndGlobalSection
	GlobalSection(ExtensibilityGlobals) = postSolution
		SolutionGuid = {BC990DD3-8731-4D01-AF69-8BF708E8F24B}
	EndGlobalSection
EndGlobal
